# Exact CPython 3.11 development tools for Windows x86-64 and Linux x86-64.
# Install with: python -m pip install --require-hashes -r requirements-dev.lock

ast-serialize==0.8.0 \
    --hash=sha256:252f883290d1cdb728eb7fe1d9a7221b88af5a329aae0bc91ddee4dafb820331 \
    --hash=sha256:861794565b06337005c1447ef23103a3d5a627d08bdc827870d00d0b28ef5f51
librt==0.15.0 \
    --hash=sha256:f75720477ee05d509a310e856cacc8d909adc182f7b91193c207bcc26d7ee6db \
    --hash=sha256:f779070399f991400fc451719e0ea388eb7de313388bada2c127a35de05f798a
mypy==2.3.0 \
    --hash=sha256:13b1b16e2fa39f3b2e33fb1c468abc7a69369fa2e886b4b87b5afc81472325cd \
    --hash=sha256:982e3d53dd23d0a4cef67dd66791fdbede0cf38f9eb617bf47663554c51e1e36
mypy-extensions==1.1.0 \
    --hash=sha256:1be4cccdb0f2482337c4743e60421de3a356cd97508abadd57d47403e94f5505
pathspec==1.1.1 \
    --hash=sha256:a00ce642f577bf7f473932318056212bc4f8bfdf53128c78bbd5af0b9b20b189
ruff==0.15.22 \
    --hash=sha256:365523eb91d9224e1bcb03b022fbf0facb8f9e23792a2c53d9d4b3924bdbdebb \
    --hash=sha256:9be63ba1eb936acd2d1342fb8337c356353706fce233b2a15a09a97037e6acde
typing-extensions==4.16.0 \
    --hash=sha256:481caa481374e813c1b176ada14e97f1f67a4539ce9cfeb3f350d78d6370c2e8
